
Microsoft Visual Studio Solution File, Format Version 12.00
# Visual Studio Version 16
VisualStudioVersion = 16.0.31112.23
MinimumVisualStudioVersion = 10.0.40219.1
Project("{FAE04EC0-301F-11D3-BF4B-00C04F79EFBC}") = "FR_DataAccessLayer", "FR_BaseDonnee\FR_DataAccessLayer.csproj", "{634D8DC8-9A1B-499F-B6D6-545EEB49A51F}"
EndProject
Project("{FAE04EC0-301F-11D3-BF4B-00C04F79EFBC}") = "FR_ApiData", "FR_API_BaseDonnee\FR_ApiData.csproj", "{F231633C-DEF0-46AB-B662-0A292302603E}"
EndProject
Project("{FAE04EC0-301F-11D3-BF4B-00C04F79EFBC}") = "FR_Web", "FR_Web\FR_Web.csproj", "{A3B1FE13-D9C9-4B24-9FE8-9405CA16126D}"
EndProject
Project("{FAE04EC0-301F-11D3-BF4B-00C04F79EFBC}") = "FR_XamarinResults.Android", "FR_XamarinResults\FR_XamarinResults.Android\FR_XamarinResults.Android.csproj", "{1DFB82BC-4C7D-4689-9F9A-12A566B2162E}"
EndProject
Project("{FAE04EC0-301F-11D3-BF4B-00C04F79EFBC}") = "FR_XamarinResults.iOS", "FR_XamarinResults\FR_XamarinResults.iOS\FR_XamarinResults.iOS.csproj", "{3F865F6D-7ED3-4E60-B185-5543CF2B32CB}"
EndProject
Project("{FAE04EC0-301F-11D3-BF4B-00C04F79EFBC}") = "FR_XamarinResults", "FR_XamarinResults\FR_XamarinResults\FR_XamarinResults.csproj", "{F0373734-ED90-4216-9552-52D6D28E7A6E}"
EndProject
Global
	GlobalSection(SolutionConfigurationPlatforms) = preSolution
		Debug|Any CPU = Debug|Any CPU
		Debug|iPhone = Debug|iPhone
		Debug|iPhoneSimulator = Debug|iPhoneSimulator
		Release|Any CPU = Release|Any CPU
		Release|iPhone = Release|iPhone
		Release|iPhoneSimulator = Release|iPhoneSimulator
	EndGlobalSection
	GlobalSection(ProjectConfigurationPlatforms) = postSolution
		{634D8DC8-9A1B-499F-B6D6-545EEB49A51F}.Debug|Any CPU.ActiveCfg = Debug|Any CPU
		{634D8DC8-9A1B-499F-B6D6-545EEB49A51F}.Debug|Any CPU.Build.0 = Debug|Any CPU
		{634D8DC8-9A1B-499F-B6D6-545EEB49A51F}.Debug|iPhone.ActiveCfg = Debug|Any CPU
		{634D8DC8-9A1B-499F-B6D6-545EEB49A51F}.Debug|iPhone.Build.0 = Debug|Any CPU
		{634D8DC8-9A1B-499F-B6D6-545EEB49A51F}.Debug|iPhoneSimulator.ActiveCfg = Debug|Any CPU
		{634D8DC8-9A1B-499F-B6D6-545EEB49A51F}.Debug|iPhoneSimulator.Build.0 = Debug|Any CPU
		{634D8DC8-9A1B-499F-B6D6-545EEB49A51F}.Release|Any CPU.ActiveCfg = Release|Any CPU
		{634D8DC8-9A1B-499F-B6D6-545EEB49A51F}.Release|Any CPU.Build.0 = Release|Any CPU
		{634D8DC8-9A1B-499F-B6D6-545EEB49A51F}.Release|iPhone.ActiveCfg = Release|Any CPU
		{634D8DC8-9A1B-499F-B6D6-545EEB49A51F}.Release|iPhone.Build.0 = Release|Any CPU
		{634D8DC8-9A1B-499F-B6D6-545EEB49A51F}.Release|iPhoneSimulator.ActiveCfg = Release|Any CPU
		{634D8DC8-9A1B-499F-B6D6-545EEB49A51F}.Release|iPhoneSimulator.Build.0 = Release|Any CPU
		{F231633C-DEF0-46AB-B662-0A292302603E}.Debug|Any CPU.ActiveCfg = Debug|Any CPU
		{F231633C-DEF0-46AB-B662-0A292302603E}.Debug|Any CPU.Build.0 = Debug|Any CPU
		{F231633C-DEF0-46AB-B662-0A292302603E}.Debug|iPhone.ActiveCfg = Debug|Any CPU
		{F231633C-DEF0-46AB-B662-0A292302603E}.Debug|iPhone.Build.0 = Debug|Any CPU
		{F231633C-DEF0-46AB-B662-0A292302603E}.Debug|iPhoneSimulator.ActiveCfg = Debug|Any CPU
		{F231633C-DEF0-46AB-B662-0A292302603E}.Debug|iPhoneSimulator.Build.0 = Debug|Any CPU
		{F231633C-DEF0-46AB-B662-0A292302603E}.Release|Any CPU.ActiveCfg = Release|Any CPU
		{F231633C-DEF0-46AB-B662-0A292302603E}.Release|Any CPU.Build.0 = Release|Any CPU
		{F231633C-DEF0-46AB-B662-0A292302603E}.Release|iPhone.ActiveCfg = Release|Any CPU
		{F231633C-DEF0-46AB-B662-0A292302603E}.Release|iPhone.Build.0 = Release|Any CPU
		{F231633C-DEF0-46AB-B662-0A292302603E}.Release|iPhoneSimulator.ActiveCfg = Release|Any CPU
		{F231633C-DEF0-46AB-B662-0A292302603E}.Release|iPhoneSimulator.Build.0 = Release|Any CPU
		{A3B1FE13-D9C9-4B24-9FE8-9405CA16126D}.Debug|Any CPU.ActiveCfg = Debug|Any CPU
		{A3B1FE13-D9C9-4B24-9FE8-9405CA16126D}.Debug|Any CPU.Build.0 = Debug|Any CPU
		{A3B1FE13-D9C9-4B24-9FE8-9405CA16126D}.Debug|iPhone.ActiveCfg = Debug|Any CPU
		{A3B1FE13-D9C9-4B24-9FE8-9405CA16126D}.Debug|iPhone.Build.0 = Debug|Any CPU
		{A3B1FE13-D9C9-4B24-9FE8-9405CA16126D}.Debug|iPhoneSimulator.ActiveCfg = Debug|Any CPU
		{A3B1FE13-D9C9-4B24-9FE8-9405CA16126D}.Debug|iPhoneSimulator.Build.0 = Debug|Any CPU
		{A3B1FE13-D9C9-4B24-9FE8-9405CA16126D}.Release|Any CPU.ActiveCfg = Release|Any CPU
		{A3B1FE13-D9C9-4B24-9FE8-9405CA16126D}.Release|Any CPU.Build.0 = Release|Any CPU
		{A3B1FE13-D9C9-4B24-9FE8-9405CA16126D}.Release|iPhone.ActiveCfg = Release|Any CPU
		{A3B1FE13-D9C9-4B24-9FE8-9405CA16126D}.Release|iPhone.Build.0 = Release|Any CPU
		{A3B1FE13-D9C9-4B24-9FE8-9405CA16126D}.Release|iPhoneSimulator.ActiveCfg = Release|Any CPU
		{A3B1FE13-D9C9-4B24-9FE8-9405CA16126D}.Release|iPhoneSimulator.Build.0 = Release|Any CPU
		{1DFB82BC-4C7D-4689-9F9A-12A566B2162E}.Debug|Any CPU.ActiveCfg = Debug|Any CPU
		{1DFB82BC-4C7D-4689-9F9A-12A566B2162E}.Debug|Any CPU.Build.0 = Debug|Any CPU
		{1DFB82BC-4C7D-4689-9F9A-12A566B2162E}.Debug|Any CPU.Deploy.0 = Debug|Any CPU
		{1DFB82BC-4C7D-4689-9F9A-12A566B2162E}.Debug|iPhone.ActiveCfg = Debug|Any CPU
		{1DFB82BC-4C7D-4689-9F9A-12A566B2162E}.Debug|iPhone.Build.0 = Debug|Any CPU
		{1DFB82BC-4C7D-4689-9F9A-12A566B2162E}.Debug|iPhone.Deploy.0 = Debug|Any CPU
		{1DFB82BC-4C7D-4689-9F9A-12A566B2162E}.Debug|iPhoneSimulator.ActiveCfg = Debug|Any CPU
		{1DFB82BC-4C7D-4689-9F9A-12A566B2162E}.Debug|iPhoneSimulator.Build.0 = Debug|Any CPU
		{1DFB82BC-4C7D-4689-9F9A-12A566B2162E}.Debug|iPhoneSimulator.Deploy.0 = Debug|Any CPU
		{1DFB82BC-4C7D-4689-9F9A-12A566B2162E}.Release|Any CPU.ActiveCfg = Release|Any CPU
		{1DFB82BC-4C7D-4689-9F9A-12A566B2162E}.Release|Any CPU.Build.0 = Release|Any CPU
		{1DFB82BC-4C7D-4689-9F9A-12A566B2162E}.Release|Any CPU.Deploy.0 = Release|Any CPU
		{1DFB82BC-4C7D-4689-9F9A-12A566B2162E}.Release|iPhone.ActiveCfg = Release|Any CPU
		{1DFB82BC-4C7D-4689-9F9A-12A566B2162E}.Release|iPhone.Build.0 = Release|Any CPU
		{1DFB82BC-4C7D-4689-9F9A-12A566B2162E}.Release|iPhone.Deploy.0 = Release|Any CPU
		{1DFB82BC-4C7D-4689-9F9A-12A566B2162E}.Release|iPhoneSimulator.ActiveCfg = Release|Any CPU
		{1DFB82BC-4C7D-4689-9F9A-12A566B2162E}.Release|iPhoneSimulator.Build.0 = Release|Any CPU
		{1DFB82BC-4C7D-4689-9F9A-12A566B2162E}.Release|iPhoneSimulator.Deploy.0 = Release|Any CPU
		{3F865F6D-7ED3-4E60-B185-5543CF2B32CB}.Debug|Any CPU.ActiveCfg = Debug|iPhoneSimulator
		{3F865F6D-7ED3-4E60-B185-5543CF2B32CB}.Debug|iPhone.ActiveCfg = Debug|iPhone
		{3F865F6D-7ED3-4E60-B185-5543CF2B32CB}.Debug|iPhone.Build.0 = Debug|iPhone
		{3F865F6D-7ED3-4E60-B185-5543CF2B32CB}.Debug|iPhoneSimulator.ActiveCfg = Debug|iPhoneSimulator
		{3F865F6D-7ED3-4E60-B185-5543CF2B32CB}.Debug|iPhoneSimulator.Build.0 = Debug|iPhoneSimulator
		{3F865F6D-7ED3-4E60-B185-5543CF2B32CB}.Release|Any CPU.ActiveCfg = Release|iPhoneSimulator
		{3F865F6D-7ED3-4E60-B185-5543CF2B32CB}.Release|iPhone.ActiveCfg = Release|iPhone
		{3F865F6D-7ED3-4E60-B185-5543CF2B32CB}.Release|iPhone.Build.0 = Release|iPhone
		{3F865F6D-7ED3-4E60-B185-5543CF2B32CB}.Release|iPhoneSimulator.ActiveCfg = Release|iPhoneSimulator
		{3F865F6D-7ED3-4E60-B185-5543CF2B32CB}.Release|iPhoneSimulator.Build.0 = Release|iPhoneSimulator
		{F0373734-ED90-4216-9552-52D6D28E7A6E}.Debug|Any CPU.ActiveCfg = Debug|Any CPU
		{F0373734-ED90-4216-9552-52D6D28E7A6E}.Debug|Any CPU.Build.0 = Debug|Any CPU
		{F0373734-ED90-4216-9552-52D6D28E7A6E}.Debug|iPhone.ActiveCfg = Debug|Any CPU
		{F0373734-ED90-4216-9552-52D6D28E7A6E}.Debug|iPhone.Build.0 = Debug|Any CPU
		{F0373734-ED90-4216-9552-52D6D28E7A6E}.Debug|iPhoneSimulator.ActiveCfg = Debug|Any CPU
		{F0373734-ED90-4216-9552-52D6D28E7A6E}.Debug|iPhoneSimulator.Build.0 = Debug|Any CPU
		{F0373734-ED90-4216-9552-52D6D28E7A6E}.Release|Any CPU.ActiveCfg = Release|Any CPU
		{F0373734-ED90-4216-9552-52D6D28E7A6E}.Release|Any CPU.Build.0 = Release|Any CPU
		{F0373734-ED90-4216-9552-52D6D28E7A6E}.Release|iPhone.ActiveCfg = Release|Any CPU
		{F0373734-ED90-4216-9552-52D6D28E7A6E}.Release|iPhone.Build.0 = Release|Any CPU
		{F0373734-ED90-4216-9552-52D6D28E7A6E}.Release|iPhoneSimulator.ActiveCfg = Release|Any CPU
		{F0373734-ED90-4216-9552-52D6D28E7A6E}.Release|iPhoneSimulator.Build.0 = Release|Any CPU
	EndGlobalSection
	GlobalSection(SolutionProperties) = preSolution
		HideSolutionNode = FALSE
	EndGlobalSection
	GlobalSection(ExtensibilityGlobals) = postSolution
		SolutionGuid = {A29A7C1D-56A2-41F0-BBE1-BF08FDCABD8E}
	EndGlobalSection
EndGlobal
